{
    "name": "unicorn-back",
    "version": "1.0.0",
    "lockfileVersion": 1,
    "requires": true,
    "dependencies": {
        "accepts": {
            "version": "1.3.5",
            "resolved": "https://registry.npmjs.org/accepts/-/accepts-1.3.5.tgz",
            "integrity": "sha1-63d99gEXI6OxTopywIBcjoZ0a9I=",
            "requires": {
                "mime-types": "~2.1.18",
                "negotiator": "0.6.1"
            }
        },
        "after": {
            "version": "0.8.2",
            "resolved": "https://registry.npmjs.org/after/-/after-0.8.2.tgz",
            "integrity": "sha1-/ts5T58OAqqXaOcCvaI7UF+ufh8="
        },
        "ammo": {
            "version": "3.0.3",
            "resolved": "https://registry.npmjs.org/ammo/-/ammo-3.0.3.tgz",
            "integrity": "sha512-vo76VJ44MkUBZL/BzpGXaKzMfroF4ZR6+haRuw9p+eSWfoNaH2AxVc8xmiEPC08jhzJSeM6w7/iMUGet8b4oBQ==",
            "requires": {
                "hoek": "6.x.x"
            }
        },
        "argparse": {
            "version": "1.0.10",
            "resolved": "https://registry.npmjs.org/argparse/-/argparse-1.0.10.tgz",
            "integrity": "sha512-o5Roy6tNG4SL/FOkCAN6RzjiakZS25RLYFrcMttJqbdd8BWrnA+fGz57iN5Pb06pvBGvl5gQ0B48dJlslXvoTg==",
            "requires": {
                "sprintf-js": "~1.0.2"
            }
        },
        "arraybuffer.slice": {
            "version": "0.0.7",
            "resolved": "https://registry.npmjs.org/arraybuffer.slice/-/arraybuffer.slice-0.0.7.tgz",
            "integrity": "sha512-wGUIVQXuehL5TCqQun8OW81jGzAWycqzFF8lFp+GOM5BXLYj3bKNsYC4daB7n6XjCqxQA/qgTJ+8ANR3acjrog=="
        },
        "async-limiter": {
            "version": "1.0.0",
            "resolved": "https://registry.npmjs.org/async-limiter/-/async-limiter-1.0.0.tgz",
            "integrity": "sha512-jp/uFnooOiO+L211eZOoSyzpOITMXx1rBITauYykG3BRYPu8h0UcxsPNB04RR5vo4Tyz3+ay17tR6JVf9qzYWg=="
        },
        "backo2": {
            "version": "1.0.2",
            "resolved": "https://registry.npmjs.org/backo2/-/backo2-1.0.2.tgz",
            "integrity": "sha1-MasayLEpNjRj41s+u2n038+6eUc="
        },
        "base64-arraybuffer": {
            "version": "0.1.5",
            "resolved": "https://registry.npmjs.org/base64-arraybuffer/-/base64-arraybuffer-0.1.5.tgz",
            "integrity": "sha1-c5JncZI7Whl0etZmqlzUv5xunOg="
        },
        "base64id": {
            "version": "1.0.0",
            "resolved": "https://registry.npmjs.org/base64id/-/base64id-1.0.0.tgz",
            "integrity": "sha1-R2iMuZu2gE8OBtPnY7HDLlfY5rY="
        },
        "better-assert": {
            "version": "1.0.2",
            "resolved": "https://registry.npmjs.org/better-assert/-/better-assert-1.0.2.tgz",
            "integrity": "sha1-QIZrnhueC1W0gYlDEeaPr/rrxSI=",
            "requires": {
                "callsite": "1.0.0"
            }
        },
        "blob": {
            "version": "0.0.5",
            "resolved": "https://registry.npmjs.org/blob/-/blob-0.0.5.tgz",
            "integrity": "sha512-gaqbzQPqOoamawKg0LGVd7SzLgXS+JH61oWprSLH+P+abTczqJbhTR8CmJ2u9/bUYNmHTGJx/UEmn6doAvvuig=="
        },
        "boom": {
            "version": "7.3.0",
            "resolved": "https://registry.npmjs.org/boom/-/boom-7.3.0.tgz",
            "integrity": "sha512-Swpoyi2t5+GhOEGw8rEsKvTxFLIDiiKoUc2gsoV6Lyr43LHBIzch3k2MvYUs8RTROrIkVJ3Al0TkaOGjnb+B6A==",
            "requires": {
                "hoek": "6.x.x"
            }
        },
        "bounce": {
            "version": "1.2.3",
            "resolved": "https://registry.npmjs.org/bounce/-/bounce-1.2.3.tgz",
            "integrity": "sha512-3G7B8CyBnip5EahCZJjnvQ1HLyArC6P5e+xcolo13BVI9ogFaDOsNMAE7FIWliHtIkYI8/nTRCvCY9tZa3Mu4g==",
            "requires": {
                "boom": "7.x.x",
                "hoek": "6.x.x"
            }
        },
        "call-me-maybe": {
            "version": "1.0.1",
            "resolved": "https://registry.npmjs.org/call-me-maybe/-/call-me-maybe-1.0.1.tgz",
            "integrity": "sha1-JtII6onje1y95gJQoV8DHBak1ms="
        },
        "callsite": {
            "version": "1.0.0",
            "resolved": "https://registry.npmjs.org/callsite/-/callsite-1.0.0.tgz",
            "integrity": "sha1-KAOY5dZkvXQDi28JBRU+borxvCA="
        },
        "commander": {
            "version": "2.19.0",
            "resolved": "https://registry.npmjs.org/commander/-/commander-2.19.0.tgz",
            "integrity": "sha512-6tvAOO+D6OENvRAh524Dh9jcfKTYDQAqvqezbCW82xj5X0pSrcpxtvRKHLG0yBY6SD7PSDrJaj+0AiOcKVd1Xg==",
            "optional": true
        },
        "component-bind": {
            "version": "1.0.0",
            "resolved": "https://registry.npmjs.org/component-bind/-/component-bind-1.0.0.tgz",
            "integrity": "sha1-AMYIq33Nk4l8AAllGx06jh5zu9E="
        },
        "component-emitter": {
            "version": "1.2.1",
            "resolved": "https://registry.npmjs.org/component-emitter/-/component-emitter-1.2.1.tgz",
            "integrity": "sha1-E3kY1teCg/ffemt8WmPhQOaUJeY="
        },
        "component-inherit": {
            "version": "0.0.3",
            "resolved": "https://registry.npmjs.org/component-inherit/-/component-inherit-0.0.3.tgz",
            "integrity": "sha1-ZF/ErfWLcrZJ1crmUTVhnbJv8UM="
        },
        "cookie": {
            "version": "0.3.1",
            "resolved": "https://registry.npmjs.org/cookie/-/cookie-0.3.1.tgz",
            "integrity": "sha1-5+Ch+e9DtMi6klxcWpboBtFoc7s="
        },
        "core-js": {
            "version": "2.6.5",
            "resolved": "https://registry.npmjs.org/core-js/-/core-js-2.6.5.tgz",
            "integrity": "sha512-klh/kDpwX8hryYL14M9w/xei6vrv6sE8gTHDG7/T/+SEovB/G4ejwcfE/CBzO6Edsu+OETZMZ3wcX/EjUkrl5A=="
        },
        "cryptiles": {
            "version": "4.1.3",
            "resolved": "https://registry.npmjs.org/cryptiles/-/cryptiles-4.1.3.tgz",
            "integrity": "sha512-gT9nyTMSUC1JnziQpPbxKGBbUg8VL7Zn2NB4E1cJYvuXdElHrwxrV9bmltZGDzet45zSDGyYceueke1TjynGzw==",
            "dev": true,
            "requires": {
                "boom": "7.x.x"
            },
            "dependencies": {
                "boom": {
                    "version": "7.3.0",
                    "resolved": "https://registry.npmjs.org/boom/-/boom-7.3.0.tgz",
                    "integrity": "sha512-Swpoyi2t5+GhOEGw8rEsKvTxFLIDiiKoUc2gsoV6Lyr43LHBIzch3k2MvYUs8RTROrIkVJ3Al0TkaOGjnb+B6A==",
                    "dev": true,
                    "requires": {
                        "hoek": "6.x.x"
                    }
                },
                "hoek": {
                    "version": "6.1.2",
                    "resolved": "https://registry.npmjs.org/hoek/-/hoek-6.1.2.tgz",
                    "integrity": "sha512-6qhh/wahGYZHFSFw12tBbJw5fsAhhwrrG/y3Cs0YMTv2WzMnL0oLPnQJjv1QJvEfylRSOFuP+xCu+tdx0tD16Q==",
                    "dev": true
                }
            }
        },
        "debug": {
            "version": "3.2.6",
            "resolved": "https://registry.npmjs.org/debug/-/debug-3.2.6.tgz",
            "integrity": "sha512-mel+jf7nrtEl5Pn1Qx46zARXKDpBbvzezse7p7LqINmdoIk8PYP5SySaxEmYv6TZ0JyEKA1hsCId6DIhgITtWQ==",
            "requires": {
                "ms": "^2.1.1"
            }
        },
        "engine.io": {
            "version": "3.3.2",
            "resolved": "https://registry.npmjs.org/engine.io/-/engine.io-3.3.2.tgz",
            "integrity": "sha512-AsaA9KG7cWPXWHp5FvHdDWY3AMWeZ8x+2pUVLcn71qE5AtAzgGbxuclOytygskw8XGmiQafTmnI9Bix3uihu2w==",
            "requires": {
                "accepts": "~1.3.4",
                "base64id": "1.0.0",
                "cookie": "0.3.1",
                "debug": "~3.1.0",
                "engine.io-parser": "~2.1.0",
                "ws": "~6.1.0"
            },
            "dependencies": {
                "debug": {
                    "version": "3.1.0",
                    "resolved": "https://registry.npmjs.org/debug/-/debug-3.1.0.tgz",
                    "integrity": "sha512-OX8XqP7/1a9cqkxYw2yXss15f26NKWBpDXQd0/uK/KPqdQhxbPa994hnzjcE2VqQpDslf55723cKPUOGSmMY3g==",
                    "requires": {
                        "ms": "2.0.0"
                    }
                },
                "ms": {
                    "version": "2.0.0",
                    "resolved": "https://registry.npmjs.org/ms/-/ms-2.0.0.tgz",
                    "integrity": "sha1-VgiurfwAvmwpAd9fmGF4jeDVl8g="
                }
            }
        },
        "engine.io-client": {
            "version": "3.3.1",
            "resolved": "https://registry.npmjs.org/engine.io-client/-/engine.io-client-3.3.1.tgz",
            "integrity": "sha512-q66JBFuQcy7CSlfAz9L3jH+v7DTT3i6ZEadYcVj2pOs8/0uJHLxKX3WBkGTvULJMdz0tUCyJag0aKT/dpXL9BQ==",
            "requires": {
                "component-emitter": "1.2.1",
                "component-inherit": "0.0.3",
                "debug": "~3.1.0",
                "engine.io-parser": "~2.1.1",
                "has-cors": "1.1.0",
                "indexof": "0.0.1",
                "parseqs": "0.0.5",
                "parseuri": "0.0.5",
                "ws": "~6.1.0",
                "xmlhttprequest-ssl": "~1.5.4",
                "yeast": "0.1.2"
            },
            "dependencies": {
                "debug": {
                    "version": "3.1.0",
                    "resolved": "https://registry.npmjs.org/debug/-/debug-3.1.0.tgz",
                    "integrity": "sha512-OX8XqP7/1a9cqkxYw2yXss15f26NKWBpDXQd0/uK/KPqdQhxbPa994hnzjcE2VqQpDslf55723cKPUOGSmMY3g==",
                    "requires": {
                        "ms": "2.0.0"
                    }
                },
                "ms": {
                    "version": "2.0.0",
                    "resolved": "https://registry.npmjs.org/ms/-/ms-2.0.0.tgz",
                    "integrity": "sha1-VgiurfwAvmwpAd9fmGF4jeDVl8g="
                }
            }
        },
        "engine.io-parser": {
            "version": "2.1.3",
            "resolved": "https://registry.npmjs.org/engine.io-parser/-/engine.io-parser-2.1.3.tgz",
            "integrity": "sha512-6HXPre2O4Houl7c4g7Ic/XzPnHBvaEmN90vtRO9uLmwtRqQmTOw0QMevL1TOfL2Cpu1VzsaTmMotQgMdkzGkVA==",
            "requires": {
                "after": "0.8.2",
                "arraybuffer.slice": "~0.0.7",
                "base64-arraybuffer": "0.1.5",
                "blob": "0.0.5",
                "has-binary2": "~1.0.2"
            }
        },
        "esprima": {
            "version": "4.0.1",
            "resolved": "https://registry.npmjs.org/esprima/-/esprima-4.0.1.tgz",
            "integrity": "sha512-eGuFFw7Upda+g4p+QHvnW0RyTX/SVeJBDM/gCtMARO0cLuT2HcEKnTPvhjV6aGeqrCB/sbNop0Kszm0jsaWU4A=="
        },
        "format-util": {
            "version": "1.0.3",
            "resolved": "https://registry.npmjs.org/format-util/-/format-util-1.0.3.tgz",
            "integrity": "sha1-Ay3KShFiYqEsQ/TD7IVmQWxbLZU="
        },
        "handlebars": {
            "version": "4.1.1",
            "resolved": "https://registry.npmjs.org/handlebars/-/handlebars-4.1.1.tgz",
            "integrity": "sha512-3Zhi6C0euYZL5sM0Zcy7lInLXKQ+YLcF/olbN010mzGQ4XVm50JeyBnMqofHh696GrciGruC7kCcApPDJvVgwA==",
            "requires": {
                "neo-async": "^2.6.0",
                "optimist": "^0.6.1",
                "source-map": "^0.6.1",
                "uglify-js": "^3.1.4"
            }
        },
        "hapi": {
            "version": "18.1.0",
            "resolved": "https://registry.npmjs.org/hapi/-/hapi-18.1.0.tgz",
            "integrity": "sha512-nSU1VLyTAgp7P5gy47QzJIP2JAb+wOFvJIV3gnL0lFj/mD+HuTXhyUsDYXjF/dhADMVXVEz31z6SUHBJhtsvGA==",
            "requires": {
                "accept": "3.x.x",
                "ammo": "3.x.x",
                "boom": "7.x.x",
                "bounce": "1.x.x",
                "call": "5.x.x",
                "catbox": "10.x.x",
                "catbox-memory": "4.x.x",
                "heavy": "6.x.x",
                "hoek": "6.x.x",
                "joi": "14.x.x",
                "mimos": "4.x.x",
                "podium": "3.x.x",
                "shot": "4.x.x",
                "somever": "2.x.x",
                "statehood": "6.x.x",
                "subtext": "6.x.x",
                "teamwork": "3.x.x",
                "topo": "3.x.x"
            },
            "dependencies": {
                "accept": {
                    "version": "3.1.3",
                    "resolved": "https://registry.npmjs.org/accept/-/accept-3.1.3.tgz",
                    "integrity": "sha512-OgOEAidVEOKPup+Gv2+2wdH2AgVKI9LxsJ4hicdJ6cY0faUuZdZoi56kkXWlHp9qicN1nWQLmW5ZRGk+SBS5xg==",
                    "requires": {
                        "boom": "7.x.x",
                        "hoek": "6.x.x"
                    }
                },
                "ammo": {
                    "version": "3.0.3",
                    "resolved": "https://registry.npmjs.org/ammo/-/ammo-3.0.3.tgz",
                    "integrity": "sha512-vo76VJ44MkUBZL/BzpGXaKzMfroF4ZR6+haRuw9p+eSWfoNaH2AxVc8xmiEPC08jhzJSeM6w7/iMUGet8b4oBQ==",
                    "requires": {
                        "hoek": "6.x.x"
                    }
                },
                "b64": {
                    "version": "4.1.2",
                    "resolved": "https://registry.npmjs.org/b64/-/b64-4.1.2.tgz",
                    "integrity": "sha512-+GUspBxlH3CJaxMUGUE1EBoWM6RKgWiYwUDal0qdf8m3ArnXNN1KzKVo5HOnE/FSq4HHyWf3TlHLsZI8PKQgrQ==",
                    "requires": {
                        "hoek": "6.x.x"
                    }
                },
                "boom": {
                    "version": "7.3.0",
                    "resolved": "https://registry.npmjs.org/boom/-/boom-7.3.0.tgz",
                    "integrity": "sha512-Swpoyi2t5+GhOEGw8rEsKvTxFLIDiiKoUc2gsoV6Lyr43LHBIzch3k2MvYUs8RTROrIkVJ3Al0TkaOGjnb+B6A==",
                    "requires": {
                        "hoek": "6.x.x"
                    }
                },
                "bounce": {
                    "version": "1.2.3",
                    "resolved": "https://registry.npmjs.org/bounce/-/bounce-1.2.3.tgz",
                    "integrity": "sha512-3G7B8CyBnip5EahCZJjnvQ1HLyArC6P5e+xcolo13BVI9ogFaDOsNMAE7FIWliHtIkYI8/nTRCvCY9tZa3Mu4g==",
                    "requires": {
                        "boom": "7.x.x",
                        "hoek": "6.x.x"
                    }
                },
                "bourne": {
                    "version": "1.1.1",
                    "resolved": "https://registry.npmjs.org/bourne/-/bourne-1.1.1.tgz",
                    "integrity": "sha512-Ou0l3W8+n1FuTOoIfIrCk9oF9WVWc+9fKoAl67XQr9Ws0z7LgILRZ7qtc9xdT4BveSKtnYXfKPgn8pFAqeQRew=="
                },
                "call": {
                    "version": "5.0.3",
                    "resolved": "https://registry.npmjs.org/call/-/call-5.0.3.tgz",
                    "integrity": "sha512-eX16KHiAYXugbFu6VifstSdwH6aMuWWb4s0qvpq1nR1b+Sf+u68jjttg8ixDBEldPqBi30bDU35OJQWKeTLKxg==",
                    "requires": {
                        "boom": "7.x.x",
                        "hoek": "6.x.x"
                    }
                },
                "catbox": {
                    "version": "10.0.6",
                    "resolved": "https://registry.npmjs.org/catbox/-/catbox-10.0.6.tgz",
                    "integrity": "sha512-gQWCnF/jbHcfwGbQ4FQxyRiAwLRipqWTTXjpq7rTqqdcsnZosFa0L3LsCZcPTF33QIeMMkS7QmFBHt6QdzGPvg==",
                    "requires": {
                        "boom": "7.x.x",
                        "hoek": "6.x.x",
                        "joi": "14.x.x"
                    }
                },
                "catbox-memory": {
                    "version": "4.0.1",
                    "resolved": "https://registry.npmjs.org/catbox-memory/-/catbox-memory-4.0.1.tgz",
                    "integrity": "sha512-ZmqNiLsYCIu9qvBJ/MQbznDV2bFH5gFiH67TgIJgSSffJFtTXArT+MM3AvJQlby9NSkLHOX4eH/uuUqnch/Ldw==",
                    "requires": {
                        "boom": "7.x.x",
                        "hoek": "6.x.x"
                    }
                },
                "content": {
                    "version": "4.0.6",
                    "resolved": "https://registry.npmjs.org/content/-/content-4.0.6.tgz",
                    "integrity": "sha512-lR9ND3dXiMdmsE84K6l02rMdgiBVmtYWu1Vr/gfSGHcIcznBj2QxmSdUgDuNFOA+G9yrb1IIWkZ7aKtB6hDGyA==",
                    "requires": {
                        "boom": "7.x.x"
                    }
                },
                "cryptiles": {
                    "version": "4.1.3",
                    "resolved": "https://registry.npmjs.org/cryptiles/-/cryptiles-4.1.3.tgz",
                    "integrity": "sha512-gT9nyTMSUC1JnziQpPbxKGBbUg8VL7Zn2NB4E1cJYvuXdElHrwxrV9bmltZGDzet45zSDGyYceueke1TjynGzw==",
                    "requires": {
                        "boom": "7.x.x"
                    }
                },
                "heavy": {
                    "version": "6.1.2",
                    "resolved": "https://registry.npmjs.org/heavy/-/heavy-6.1.2.tgz",
                    "integrity": "sha512-cJp884bqhiebNcEHydW0g6V1MUGYOXRPw9c7MFiHQnuGxtbWuSZpsbojwb2kxb3AA1/Rfs8CNiV9MMOF8pFRDg==",
                    "requires": {
                        "boom": "7.x.x",
                        "hoek": "6.x.x",
                        "joi": "14.x.x"
                    }
                },
                "hoek": {
                    "version": "6.1.2",
                    "resolved": "https://registry.npmjs.org/hoek/-/hoek-6.1.2.tgz",
                    "integrity": "sha512-6qhh/wahGYZHFSFw12tBbJw5fsAhhwrrG/y3Cs0YMTv2WzMnL0oLPnQJjv1QJvEfylRSOFuP+xCu+tdx0tD16Q=="
                },
                "iron": {
                    "version": "5.0.6",
                    "resolved": "https://registry.npmjs.org/iron/-/iron-5.0.6.tgz",
                    "integrity": "sha512-zYUMOSkEXGBdwlV/AXF9zJC0aLuTJUKHkGeYS5I2g225M5i6SrxQyGJGhPgOR8BK1omL6N5i6TcwfsXbP8/Exw==",
                    "requires": {
                        "b64": "4.x.x",
                        "boom": "7.x.x",
                        "cryptiles": "4.x.x",
                        "hoek": "6.x.x"
                    }
                },
                "joi": {
                    "version": "14.3.1",
                    "resolved": "https://registry.npmjs.org/joi/-/joi-14.3.1.tgz",
                    "integrity": "sha512-LQDdM+pkOrpAn4Lp+neNIFV3axv1Vna3j38bisbQhETPMANYRbFJFUyOZcOClYvM/hppMhGWuKSFEK9vjrB+bQ==",
                    "requires": {
                        "hoek": "6.x.x",
                        "isemail": "3.x.x",
                        "topo": "3.x.x"
                    }
                },
                "mime-db": {
                    "version": "1.37.0",
                    "resolved": "https://registry.npmjs.org/mime-db/-/mime-db-1.37.0.tgz",
                    "integrity": "sha512-R3C4db6bgQhlIhPU48fUtdVmKnflq+hRdad7IyKhtFj06VPNVdk2RhiYL3UjQIlso8L+YxAtFkobT0VK+S/ybg=="
                },
                "mimos": {
                    "version": "4.0.2",
                    "resolved": "https://registry.npmjs.org/mimos/-/mimos-4.0.2.tgz",
                    "integrity": "sha512-5XBsDqBqzSN88XPPH/TFpOalWOjHJM5Z2d3AMx/30iq+qXvYKd/8MPhqBwZDOLtoaIWInR3nLzMQcxfGK9djXA==",
                    "requires": {
                        "hoek": "6.x.x",
                        "mime-db": "1.x.x"
                    }
                },
                "nigel": {
                    "version": "3.0.4",
                    "resolved": "https://registry.npmjs.org/nigel/-/nigel-3.0.4.tgz",
                    "integrity": "sha512-3SZCCS/duVDGxFpTROHEieC+itDo4UqL9JNUyQJv3rljudQbK6aqus5B4470OxhESPJLN93Qqxg16rH7DUjbfQ==",
                    "requires": {
                        "hoek": "6.x.x",
                        "vise": "3.x.x"
                    }
                },
                "pez": {
                    "version": "4.0.5",
                    "resolved": "https://registry.npmjs.org/pez/-/pez-4.0.5.tgz",
                    "integrity": "sha512-HvL8uiFIlkXbx/qw4B8jKDCWzo7Pnnd65Uvanf9OOCtb20MRcb9gtTVBf9NCnhETif1/nzbDHIjAWC/sUp7LIQ==",
                    "requires": {
                        "b64": "4.x.x",
                        "boom": "7.x.x",
                        "content": "4.x.x",
                        "hoek": "6.x.x",
                        "nigel": "3.x.x"
                    }
                },
                "podium": {
                    "version": "3.2.0",
                    "resolved": "https://registry.npmjs.org/podium/-/podium-3.2.0.tgz",
                    "integrity": "sha512-rbwvxwVkI6gRRlxZQ1zUeafrpGxZ7QPHIheinehAvGATvGIPfWRkaTeWedc5P4YjXJXEV8ZbBxPtglNylF9hjw==",
                    "requires": {
                        "hoek": "6.x.x",
                        "joi": "14.x.x"
                    }
                },
                "shot": {
                    "version": "4.0.7",
                    "resolved": "https://registry.npmjs.org/shot/-/shot-4.0.7.tgz",
                    "integrity": "sha512-RKaKAGKxJ11EjJl0cf2fYVSsd4KB5Cncb9J0v7w+0iIaXpxNqFWTYNDNhBX7f0XSyDrjOH9a4OWZ9Gp/ZML+ew==",
                    "requires": {
                        "hoek": "6.x.x",
                        "joi": "14.x.x"
                    }
                },
                "somever": {
                    "version": "2.0.0",
                    "resolved": "https://registry.npmjs.org/somever/-/somever-2.0.0.tgz",
                    "integrity": "sha512-9JaIPP+HxwYGqCDqqK3tRaTqdtQHoK6Qy3IrXhIt2q5x8fs8RcfU7BMWlFTCOgFazK8p88zIv1tHQXvAwtXMyw==",
                    "requires": {
                        "bounce": "1.x.x",
                        "hoek": "6.x.x"
                    }
                },
                "statehood": {
                    "version": "6.0.9",
                    "resolved": "https://registry.npmjs.org/statehood/-/statehood-6.0.9.tgz",
                    "integrity": "sha512-jbFg1+MYEqfC7ABAoWZoeF4cQUtp3LUvMDUGExL76cMmleBHG7I6xlZFsE8hRi7nEySIvutHmVlLmBe9+2R5LQ==",
                    "requires": {
                        "boom": "7.x.x",
                        "bounce": "1.x.x",
                        "bourne": "1.x.x",
                        "cryptiles": "4.x.x",
                        "hoek": "6.x.x",
                        "iron": "5.x.x",
                        "joi": "14.x.x"
                    }
                },
                "subtext": {
                    "version": "6.0.12",
                    "resolved": "https://registry.npmjs.org/subtext/-/subtext-6.0.12.tgz",
                    "integrity": "sha512-yT1wCDWVgqvL9BIkWzWqgj5spUSYo/Enu09iUV8t2ZvHcr2tKGTGg2kc9tUpVEsdhp1ihsZeTAiDqh0TQciTPQ==",
                    "requires": {
                        "boom": "7.x.x",
                        "bourne": "1.x.x",
                        "content": "4.x.x",
                        "hoek": "6.x.x",
                        "pez": "4.x.x",
                        "wreck": "14.x.x"
                    }
                },
                "teamwork": {
                    "version": "3.0.3",
                    "resolved": "https://registry.npmjs.org/teamwork/-/teamwork-3.0.3.tgz",
                    "integrity": "sha512-OCB56z+G70iA1A1OFoT+51TPzfcgN0ks75uN3yhxA+EU66WTz2BevNDK4YzMqfaL5tuAvxy4iFUn35/u8pxMaQ=="
                },
                "topo": {
                    "version": "3.0.3",
                    "resolved": "https://registry.npmjs.org/topo/-/topo-3.0.3.tgz",
                    "integrity": "sha512-IgpPtvD4kjrJ7CRA3ov2FhWQADwv+Tdqbsf1ZnPUSAtCJ9e1Z44MmoSGDXGk4IppoZA7jd/QRkNddlLJWlUZsQ==",
                    "requires": {
                        "hoek": "6.x.x"
                    }
                },
                "vise": {
                    "version": "3.0.2",
                    "resolved": "https://registry.npmjs.org/vise/-/vise-3.0.2.tgz",
                    "integrity": "sha512-X52VtdRQbSBXdjcazRiY3eRgV3vTQ0B+7Wh8uC9cVv7lKfML5m9+9NHlbcgCY0R9EAqD1v/v7o9mhGh2A3ANFg==",
                    "requires": {
                        "hoek": "6.x.x"
                    }
                },
                "wreck": {
                    "version": "14.1.3",
                    "resolved": "https://registry.npmjs.org/wreck/-/wreck-14.1.3.tgz",
                    "integrity": "sha512-hb/BUtjX3ObbwO3slCOLCenQ4EP8e+n8j6FmTne3VhEFp5XV1faSJojiyxVSvw34vgdeTG5baLTl4NmjwokLlw==",
                    "requires": {
                        "boom": "7.x.x",
                        "hoek": "6.x.x"
                    }
                }
            }
        },
        "hapi-swagger": {
            "version": "9.4.1",
            "resolved": "https://registry.npmjs.org/hapi-swagger/-/hapi-swagger-9.4.1.tgz",
            "integrity": "sha512-TZH7hZifuhLWx08GzSdBpSesLuy5Qnz0+kIt+E5rC2B58mRrqE1me5aBArSJ4uD4sbwYTBFwFJxysGxPh5kkMg==",
            "requires": {
                "boom": "^7.1.1",
                "handlebars": "^4.0.11",
                "hoek": "^6.1.2",
                "http-status": "^1.0.1",
                "joi": "^13.1.2",
                "json-schema-ref-parser": "^4.1.0",
                "swagger-parser": "4.0.2"
            },
            "dependencies": {
                "joi": {
                    "version": "13.7.0",
                    "resolved": "https://registry.npmjs.org/joi/-/joi-13.7.0.tgz",
                    "integrity": "sha512-xuY5VkHfeOYK3Hdi91ulocfuFopwgbSORmIwzcwHKESQhC7w1kD5jaVSPnqDxS2I8t3RZ9omCKAxNwXN5zG1/Q==",
                    "requires": {
                        "hoek": "5.x.x",
                        "isemail": "3.x.x",
                        "topo": "3.x.x"
                    },
                    "dependencies": {
                        "hoek": {
                            "version": "5.0.4",
                            "resolved": "https://registry.npmjs.org/hoek/-/hoek-5.0.4.tgz",
                            "integrity": "sha512-Alr4ZQgoMlnere5FZJsIyfIjORBqZll5POhDsF4q64dPuJR6rNxXdDxtHSQq8OXRurhmx+PWYEE8bXRROY8h0w=="
                        }
                    }
                }
            }
        },
        "has-binary2": {
            "version": "1.0.3",
            "resolved": "https://registry.npmjs.org/has-binary2/-/has-binary2-1.0.3.tgz",
            "integrity": "sha512-G1LWKhDSvhGeAQ8mPVQlqNcOB2sJdwATtZKl2pDKKHfpf/rYj24lkinxf69blJbnsvtqqNU+L3SL50vzZhXOnw==",
            "requires": {
                "isarray": "2.0.1"
            }
        },
        "has-cors": {
            "version": "1.1.0",
            "resolved": "https://registry.npmjs.org/has-cors/-/has-cors-1.1.0.tgz",
            "integrity": "sha1-XkdHk/fqmEPRu5nCPu9J/xJv/zk="
        },
        "hoek": {
            "version": "6.1.2",
            "resolved": "https://registry.npmjs.org/hoek/-/hoek-6.1.2.tgz",
            "integrity": "sha512-6qhh/wahGYZHFSFw12tBbJw5fsAhhwrrG/y3Cs0YMTv2WzMnL0oLPnQJjv1QJvEfylRSOFuP+xCu+tdx0tD16Q=="
        },
        "http-status": {
            "version": "1.3.1",
            "resolved": "https://registry.npmjs.org/http-status/-/http-status-1.3.1.tgz",
            "integrity": "sha512-PcI9NUm6EUOhHlaxYABCqDQQWS7IgoBZ/PmPkhuzj+oR01ffjv3EJfKnnWJZcUhILtUh6/NdJi1Zs/mIr6v8DA=="
        },
        "indexof": {
            "version": "0.0.1",
            "resolved": "https://registry.npmjs.org/indexof/-/indexof-0.0.1.tgz",
            "integrity": "sha1-gtwzbSMrkGIXnQWrMpOmYFn9Q10="
        },
        "inert": {
            "version": "5.1.2",
            "resolved": "https://registry.npmjs.org/inert/-/inert-5.1.2.tgz",
            "integrity": "sha512-5jSCKrQ7ENfdECnzLatCejXSkJwVzKFXZW30fI6TNHFbDuigT8IilRfydI2H5j9ZTnH7vXKO4WUg2qph9bItow==",
            "requires": {
                "ammo": "3.x.x",
                "boom": "7.x.x",
                "bounce": "1.x.x",
                "hoek": "6.x.x",
                "joi": "14.x.x",
                "lru-cache": "4.1.x"
            }
        },
        "isarray": {
            "version": "2.0.1",
            "resolved": "https://registry.npmjs.org/isarray/-/isarray-2.0.1.tgz",
            "integrity": "sha1-o32U7ZzaLVmGXJ92/llu4fM4dB4="
        },
        "isemail": {
            "version": "3.2.0",
            "resolved": "https://registry.npmjs.org/isemail/-/isemail-3.2.0.tgz",
            "integrity": "sha512-zKqkK+O+dGqevc93KNsbZ/TqTUFd46MwWjYOoMrjIMZ51eU7DtQG3Wmd9SQQT7i7RVnuTPEiYEWHU3MSbxC1Tg==",
            "requires": {
                "punycode": "2.x.x"
            }
        },
        "items": {
            "version": "2.1.2",
            "resolved": "https://registry.npmjs.org/items/-/items-2.1.2.tgz",
            "integrity": "sha512-kezcEqgB97BGeZZYtX/MA8AG410ptURstvnz5RAgyFZ8wQFPMxHY8GpTq+/ZHKT3frSlIthUq7EvLt9xn3TvXg=="
        },
        "joi": {
            "version": "14.3.1",
            "resolved": "https://registry.npmjs.org/joi/-/joi-14.3.1.tgz",
            "integrity": "sha512-LQDdM+pkOrpAn4Lp+neNIFV3axv1Vna3j38bisbQhETPMANYRbFJFUyOZcOClYvM/hppMhGWuKSFEK9vjrB+bQ==",
            "requires": {
                "hoek": "6.x.x",
                "isemail": "3.x.x",
                "topo": "3.x.x"
            }
        },
        "js-yaml": {
            "version": "3.12.2",
            "resolved": "https://registry.npmjs.org/js-yaml/-/js-yaml-3.12.2.tgz",
            "integrity": "sha512-QHn/Lh/7HhZ/Twc7vJYQTkjuCa0kaCcDcjK5Zlk2rvnUpy7DxMJ23+Jc2dcyvltwQVg1nygAVlB2oRDFHoRS5Q==",
            "requires": {
                "argparse": "^1.0.7",
                "esprima": "^4.0.0"
            }
        },
        "json-schema-ref-parser": {
            "version": "4.1.1",
            "resolved": "https://registry.npmjs.org/json-schema-ref-parser/-/json-schema-ref-parser-4.1.1.tgz",
            "integrity": "sha512-lByoCHZ6H2zgb6NtsXIqtzQ+6Ji7iVqnrhWxsXLhF+gXmgu6E8+ErpDxCMR439MUG1nfMjWI2HAoM8l0XgSNhw==",
            "requires": {
                "call-me-maybe": "^1.0.1",
                "debug": "^3.1.0",
                "js-yaml": "^3.10.0",
                "ono": "^4.0.3"
            }
        },
        "lodash.get": {
            "version": "4.4.2",
            "resolved": "https://registry.npmjs.org/lodash.get/-/lodash.get-4.4.2.tgz",
            "integrity": "sha1-LRd/ZS+jHpObRDjVNBSZ36OCXpk="
        },
        "lodash.isequal": {
            "version": "4.5.0",
            "resolved": "https://registry.npmjs.org/lodash.isequal/-/lodash.isequal-4.5.0.tgz",
            "integrity": "sha1-QVxEePK8wwEgwizhDtMib30+GOA="
        },
        "lru-cache": {
            "version": "4.1.5",
            "resolved": "https://registry.npmjs.org/lru-cache/-/lru-cache-4.1.5.tgz",
            "integrity": "sha512-sWZlbEP2OsHNkXrMl5GYk/jKk70MBng6UU4YI/qGDYbgf6YbP4EvmqISbXCoJiRKs+1bSpFHVgQxvJ17F2li5g==",
            "requires": {
                "pseudomap": "^1.0.2",
                "yallist": "^2.1.2"
            }
        },
        "mime-db": {
            "version": "1.37.0",
            "resolved": "https://registry.npmjs.org/mime-db/-/mime-db-1.37.0.tgz",
            "integrity": "sha512-R3C4db6bgQhlIhPU48fUtdVmKnflq+hRdad7IyKhtFj06VPNVdk2RhiYL3UjQIlso8L+YxAtFkobT0VK+S/ybg=="
        },
        "mime-types": {
            "version": "2.1.21",
            "resolved": "https://registry.npmjs.org/mime-types/-/mime-types-2.1.21.tgz",
            "integrity": "sha512-3iL6DbwpyLzjR3xHSFNFeb9Nz/M8WDkX33t1GFQnFOllWk8pOrh/LSrB5OXlnlW5P9LH73X6loW/eogc+F5lJg==",
            "requires": {
                "mime-db": "~1.37.0"
            }
        },
        "minimist": {
            "version": "0.0.10",
            "resolved": "http://registry.npmjs.org/minimist/-/minimist-0.0.10.tgz",
            "integrity": "sha1-3j+YVD2/lggr5IrRoMfNqDYwHc8="
        },
        "mkdirp": {
            "version": "0.5.1",
            "resolved": "http://registry.npmjs.org/mkdirp/-/mkdirp-0.5.1.tgz",
            "integrity": "sha1-MAV0OOrGz3+MR2fzhkjWaX11yQM=",
            "requires": {
                "minimist": "0.0.8"
            },
            "dependencies": {
                "minimist": {
                    "version": "0.0.8",
                    "resolved": "http://registry.npmjs.org/minimist/-/minimist-0.0.8.tgz",
                    "integrity": "sha1-hX/Kv8M5fSYluCKCYuhqp6ARsF0="
                }
            }
        },
        "ms": {
            "version": "2.1.1",
            "resolved": "https://registry.npmjs.org/ms/-/ms-2.1.1.tgz",
            "integrity": "sha512-tgp+dl5cGk28utYktBsrFqA7HKgrhgPsg6Z/EfhWI4gl1Hwq8B/GmY/0oXZ6nF8hDVesS/FpnYaD/kOWhYQvyg=="
        },
        "negotiator": {
            "version": "0.6.1",
            "resolved": "https://registry.npmjs.org/negotiator/-/negotiator-0.6.1.tgz",
            "integrity": "sha1-KzJxhOiZIQEXeyhWP7XnECrNDKk="
        },
        "neo-async": {
            "version": "2.6.0",
            "resolved": "https://registry.npmjs.org/neo-async/-/neo-async-2.6.0.tgz",
            "integrity": "sha512-MFh0d/Wa7vkKO3Y3LlacqAEeHK0mckVqzDieUKTT+KGxi+zIpeVsFxymkIiRpbpDziHc290Xr9A1O4Om7otoRA=="
        },
        "object-component": {
            "version": "0.0.3",
            "resolved": "https://registry.npmjs.org/object-component/-/object-component-0.0.3.tgz",
            "integrity": "sha1-8MaapQ78lbhmwYb0AKM3acsvEpE="
        },
        "ono": {
            "version": "4.0.11",
            "resolved": "https://registry.npmjs.org/ono/-/ono-4.0.11.tgz",
            "integrity": "sha512-jQ31cORBFE6td25deYeD80wxKBMj+zBmHTrVxnc6CKhx8gho6ipmWM5zj/oeoqioZ99yqBls9Z/9Nss7J26G2g==",
            "requires": {
                "format-util": "^1.0.3"
            }
        },
        "optimist": {
            "version": "0.6.1",
            "resolved": "https://registry.npmjs.org/optimist/-/optimist-0.6.1.tgz",
            "integrity": "sha1-2j6nRob6IaGaERwybpDrFaAZZoY=",
            "requires": {
                "minimist": "~0.0.1",
                "wordwrap": "~0.0.2"
            }
        },
        "parseqs": {
            "version": "0.0.5",
            "resolved": "https://registry.npmjs.org/parseqs/-/parseqs-0.0.5.tgz",
            "integrity": "sha1-1SCKNzjkZ2bikbouoXNoSSGouJ0=",
            "requires": {
                "better-assert": "~1.0.0"
            }
        },
        "parseuri": {
            "version": "0.0.5",
            "resolved": "https://registry.npmjs.org/parseuri/-/parseuri-0.0.5.tgz",
            "integrity": "sha1-gCBKUNTbt3m/3G6+J3jZDkvOMgo=",
            "requires": {
                "better-assert": "~1.0.0"
            }
        },
        "portfinder": {
            "version": "1.0.20",
            "resolved": "https://registry.npmjs.org/portfinder/-/portfinder-1.0.20.tgz",
            "integrity": "sha512-Yxe4mTyDzTd59PZJY4ojZR8F+E5e97iq2ZOHPz3HDgSvYC5siNad2tLooQ5y5QHyQhc3xVqvyk/eNA3wuoa7Sw==",
            "requires": {
                "async": "^1.5.2",
                "debug": "^2.2.0",
                "mkdirp": "0.5.x"
            },
            "dependencies": {
                "async": {
                    "version": "1.5.2",
                    "resolved": "http://registry.npmjs.org/async/-/async-1.5.2.tgz",
                    "integrity": "sha1-7GphrlZIDAw8skHJVhjiCJL5Zyo="
                },
                "debug": {
                    "version": "2.6.9",
                    "resolved": "https://registry.npmjs.org/debug/-/debug-2.6.9.tgz",
                    "integrity": "sha512-bC7ElrdJaJnPbAP+1EotYvqZsb3ecl5wi6Bfi6BJTUcNowp6cvspg0jXznRTKDjm/E7AdgFBVeAPVMNcKGsHMA==",
                    "requires": {
                        "ms": "2.0.0"
                    }
                },
                "ms": {
                    "version": "2.0.0",
                    "resolved": "https://registry.npmjs.org/ms/-/ms-2.0.0.tgz",
                    "integrity": "sha1-VgiurfwAvmwpAd9fmGF4jeDVl8g="
                }
            }
        },
        "pseudomap": {
            "version": "1.0.2",
            "resolved": "https://registry.npmjs.org/pseudomap/-/pseudomap-1.0.2.tgz",
            "integrity": "sha1-8FKijacOYYkX7wqKw0wa5aaChrM="
        },
        "punycode": {
            "version": "2.1.1",
            "resolved": "https://registry.npmjs.org/punycode/-/punycode-2.1.1.tgz",
            "integrity": "sha512-XRsRjdf+j5ml+y/6GKHPZbrF/8p2Yga0JPtdqTIY2Xe5ohJPD9saDJJLPvp9+NSBprVvevdXZybnj2cv8OEd0A=="
        },
        "socket.io": {
            "version": "2.2.0",
            "resolved": "https://registry.npmjs.org/socket.io/-/socket.io-2.2.0.tgz",
            "integrity": "sha512-wxXrIuZ8AILcn+f1B4ez4hJTPG24iNgxBBDaJfT6MsyOhVYiTXWexGoPkd87ktJG8kQEcL/NBvRi64+9k4Kc0w==",
            "requires": {
                "debug": "~4.1.0",
                "engine.io": "~3.3.1",
                "has-binary2": "~1.0.2",
                "socket.io-adapter": "~1.1.0",
                "socket.io-client": "2.2.0",
                "socket.io-parser": "~3.3.0"
            },
            "dependencies": {
                "debug": {
                    "version": "4.1.1",
                    "resolved": "https://registry.npmjs.org/debug/-/debug-4.1.1.tgz",
                    "integrity": "sha512-pYAIzeRo8J6KPEaJ0VWOh5Pzkbw/RetuzehGM7QRRX5he4fPHx2rdKMB256ehJCkX+XRQm16eZLqLNS8RSZXZw==",
                    "requires": {
                        "ms": "^2.1.1"
                    }
                }
            }
        },
        "socket.io-adapter": {
            "version": "1.1.1",
            "resolved": "https://registry.npmjs.org/socket.io-adapter/-/socket.io-adapter-1.1.1.tgz",
            "integrity": "sha1-KoBeihTWNyEk3ZFZrUUC+MsH8Gs="
        },
        "socket.io-client": {
            "version": "2.2.0",
            "resolved": "https://registry.npmjs.org/socket.io-client/-/socket.io-client-2.2.0.tgz",
            "integrity": "sha512-56ZrkTDbdTLmBIyfFYesgOxsjcLnwAKoN4CiPyTVkMQj3zTUh0QAx3GbvIvLpFEOvQWu92yyWICxB0u7wkVbYA==",
            "requires": {
                "backo2": "1.0.2",
                "base64-arraybuffer": "0.1.5",
                "component-bind": "1.0.0",
                "component-emitter": "1.2.1",
                "debug": "~3.1.0",
                "engine.io-client": "~3.3.1",
                "has-binary2": "~1.0.2",
                "has-cors": "1.1.0",
                "indexof": "0.0.1",
                "object-component": "0.0.3",
                "parseqs": "0.0.5",
                "parseuri": "0.0.5",
                "socket.io-parser": "~3.3.0",
                "to-array": "0.1.4"
            },
            "dependencies": {
                "debug": {
                    "version": "3.1.0",
                    "resolved": "https://registry.npmjs.org/debug/-/debug-3.1.0.tgz",
                    "integrity": "sha512-OX8XqP7/1a9cqkxYw2yXss15f26NKWBpDXQd0/uK/KPqdQhxbPa994hnzjcE2VqQpDslf55723cKPUOGSmMY3g==",
                    "requires": {
                        "ms": "2.0.0"
                    }
                },
                "ms": {
                    "version": "2.0.0",
                    "resolved": "https://registry.npmjs.org/ms/-/ms-2.0.0.tgz",
                    "integrity": "sha1-VgiurfwAvmwpAd9fmGF4jeDVl8g="
                }
            }
        },
        "socket.io-parser": {
            "version": "3.3.0",
            "resolved": "https://registry.npmjs.org/socket.io-parser/-/socket.io-parser-3.3.0.tgz",
            "integrity": "sha512-hczmV6bDgdaEbVqhAeVMM/jfUfzuEZHsQg6eOmLgJht6G3mPKMxYm75w2+qhAQZ+4X+1+ATZ+QFKeOZD5riHng==",
            "requires": {
                "component-emitter": "1.2.1",
                "debug": "~3.1.0",
                "isarray": "2.0.1"
            },
            "dependencies": {
                "debug": {
                    "version": "3.1.0",
                    "resolved": "https://registry.npmjs.org/debug/-/debug-3.1.0.tgz",
                    "integrity": "sha512-OX8XqP7/1a9cqkxYw2yXss15f26NKWBpDXQd0/uK/KPqdQhxbPa994hnzjcE2VqQpDslf55723cKPUOGSmMY3g==",
                    "requires": {
                        "ms": "2.0.0"
                    }
                },
                "ms": {
                    "version": "2.0.0",
                    "resolved": "https://registry.npmjs.org/ms/-/ms-2.0.0.tgz",
                    "integrity": "sha1-VgiurfwAvmwpAd9fmGF4jeDVl8g="
                }
            }
        },
        "source-map": {
            "version": "0.6.1",
            "resolved": "https://registry.npmjs.org/source-map/-/source-map-0.6.1.tgz",
            "integrity": "sha512-UjgapumWlbMhkBgzT7Ykc5YXUT46F0iKu8SGXq0bcwP5dz/h0Plj6enJqjz1Zbq2l5WaqYnrVbwWOWMyF3F47g=="
        },
        "sprintf-js": {
            "version": "1.0.3",
            "resolved": "http://registry.npmjs.org/sprintf-js/-/sprintf-js-1.0.3.tgz",
            "integrity": "sha1-BOaSb2YolTVPPdAVIDYzuFcpfiw="
        },
        "swagger-methods": {
            "version": "1.0.8",
            "resolved": "https://registry.npmjs.org/swagger-methods/-/swagger-methods-1.0.8.tgz",
            "integrity": "sha512-G6baCwuHA+C5jf4FNOrosE4XlmGsdjbOjdBK4yuiDDj/ro9uR4Srj3OR84oQMT8F3qKp00tYNv0YN730oTHPZA=="
        },
        "swagger-parser": {
            "version": "4.0.2",
            "resolved": "https://registry.npmjs.org/swagger-parser/-/swagger-parser-4.0.2.tgz",
            "integrity": "sha512-hKslog8LhsXICJ1sMLsA8b8hQ3oUEX0457aLCFJc4zz6m8drmnCtyjbVqS5HycaKFOKVolJc2wFoe8KDPWfp4g==",
            "requires": {
                "call-me-maybe": "^1.0.1",
                "debug": "^3.1.0",
                "json-schema-ref-parser": "^4.1.0",
                "ono": "^4.0.3",
                "swagger-methods": "^1.0.4",
                "swagger-schema-official": "2.0.0-bab6bed",
                "z-schema": "^3.19.0"
            }
        },
        "swagger-schema-official": {
            "version": "2.0.0-bab6bed",
            "resolved": "https://registry.npmjs.org/swagger-schema-official/-/swagger-schema-official-2.0.0-bab6bed.tgz",
            "integrity": "sha1-cAcEaNbSl3ylI3suUZyn0Gouo/0="
        },
        "to-array": {
            "version": "0.1.4",
            "resolved": "https://registry.npmjs.org/to-array/-/to-array-0.1.4.tgz",
            "integrity": "sha1-F+bBH3PdTz10zaek/zI46a2b+JA="
        },
        "topo": {
            "version": "3.0.3",
            "resolved": "https://registry.npmjs.org/topo/-/topo-3.0.3.tgz",
            "integrity": "sha512-IgpPtvD4kjrJ7CRA3ov2FhWQADwv+Tdqbsf1ZnPUSAtCJ9e1Z44MmoSGDXGk4IppoZA7jd/QRkNddlLJWlUZsQ==",
            "requires": {
                "hoek": "6.x.x"
            }
        },
        "uglify-js": {
            "version": "3.5.0",
            "resolved": "https://registry.npmjs.org/uglify-js/-/uglify-js-3.5.0.tgz",
            "integrity": "sha512-kY2sHdru6BcIDg+i1SCZ1bpPhZJ6yiE0bEKLEJDC4M/lDSMhr/zVJeuEzvHJGjAXJCizSzUVh9atREf2jnR7yQ==",
            "optional": true,
            "requires": {
                "commander": "~2.19.0",
                "source-map": "~0.6.1"
            }
        },
        "validator": {
            "version": "10.11.0",
            "resolved": "https://registry.npmjs.org/validator/-/validator-10.11.0.tgz",
            "integrity": "sha512-X/p3UZerAIsbBfN/IwahhYaBbY68EN/UQBWHtsbXGT5bfrH/p4NQzUCG1kF/rtKaNpnJ7jAu6NGTdSNtyNIXMw=="
        },
        "vision": {
            "version": "5.4.4",
            "resolved": "https://registry.npmjs.org/vision/-/vision-5.4.4.tgz",
            "integrity": "sha512-jFeH7pU/ODYmTOpY5jutMKU/fDr+P621WYEnWgqwDikxutBWJ+koxlgGnkZQoKY6JlYdY4Awo+rPN3DNdTeDKg==",
            "requires": {
                "boom": "7.x.x",
                "hoek": "6.x.x",
                "items": "2.x.x",
                "joi": "14.x.x"
            }
        },
        "wordwrap": {
            "version": "0.0.3",
            "resolved": "https://registry.npmjs.org/wordwrap/-/wordwrap-0.0.3.tgz",
            "integrity": "sha1-o9XabNXAvAAI03I0u68b7WMFkQc="
        },
        "ws": {
            "version": "6.1.2",
            "resolved": "https://registry.npmjs.org/ws/-/ws-6.1.2.tgz",
            "integrity": "sha512-rfUqzvz0WxmSXtJpPMX2EeASXabOrSMk1ruMOV3JBTBjo4ac2lDjGGsbQSyxj8Odhw5fBib8ZKEjDNvgouNKYw==",
            "requires": {
                "async-limiter": "~1.0.0"
            }
        },
        "xmlhttprequest-ssl": {
            "version": "1.5.5",
            "resolved": "https://registry.npmjs.org/xmlhttprequest-ssl/-/xmlhttprequest-ssl-1.5.5.tgz",
            "integrity": "sha1-wodrBhaKrcQOV9l+gRkayPQ5iz4="
        },
        "yallist": {
            "version": "2.1.2",
            "resolved": "https://registry.npmjs.org/yallist/-/yallist-2.1.2.tgz",
            "integrity": "sha1-HBH5IY8HYImkfdUS+TxmmaaoHVI="
        },
        "yeast": {
            "version": "0.1.2",
            "resolved": "https://registry.npmjs.org/yeast/-/yeast-0.1.2.tgz",
            "integrity": "sha1-AI4G2AlDIMNy28L47XagymyKxBk="
        },
        "z-schema": {
            "version": "3.25.1",
            "resolved": "https://registry.npmjs.org/z-schema/-/z-schema-3.25.1.tgz",
            "integrity": "sha512-7tDlwhrBG+oYFdXNOjILSurpfQyuVgkRe3hB2q8TEssamDHB7BbLWYkYO98nTn0FibfdFroFKDjndbgufAgS/Q==",
            "requires": {
                "commander": "^2.7.1",
                "core-js": "^2.5.7",
                "lodash.get": "^4.0.0",
                "lodash.isequal": "^4.0.0",
                "validator": "^10.0.0"
            }
        }
    }
}
